
Microsoft Visual Studio Solution File, Format Version 12.00
# Visual Studio Version 16
VisualStudioVersion = 16.0.29209.62
MinimumVisualStudioVersion = 10.0.40219.1
Project("{FAE04EC0-301F-11D3-BF4B-00C04F79EFBC}") = "TrianglePattern", "TrianglePattern\TrianglePattern.csproj", "{F59CCE4D-3706-4E41-809E-EE798C9D8383}"
EndProject
Global
	GlobalSection(SolutionConfigurationPlatforms) = preSolution
		Debug|Any CPU = Debug|Any CPU
		Release|Any CPU = Release|Any CPU
	EndGlobalSection
	GlobalSection(ProjectConfigurationPlatforms) = postSolution
		{F59CCE4D-3706-4E41-809E-EE798C9D8383}.Debug|Any CPU.ActiveCfg = Debug|Any CPU
		{F59CCE4D-3706-4E41-809E-EE798C9D8383}.Debug|Any CPU.Build.0 = Debug|Any CPU
		{F59CCE4D-3706-4E41-809E-EE798C9D8383}.Release|Any CPU.ActiveCfg = Release|Any CPU
		{F59CCE4D-3706-4E41-809E-EE798C9D8383}.Release|Any CPU.Build.0 = Release|Any CPU
	EndGlobalSection
	GlobalSection(SolutionProperties) = preSolution
		HideSolutionNode = FALSE
	EndGlobalSection
	GlobalSection(ExtensibilityGlobals) = postSolution
		SolutionGuid = {EA17DA1B-F0BD-4295-914E-392F1B3686B4}
	EndGlobalSection
EndGlobal
