
Microsoft Visual Studio Solution File, Format Version 12.00
# Visual Studio Version 16
VisualStudioVersion = 16.0.29209.62
MinimumVisualStudioVersion = 10.0.40219.1
Project("{FAE04EC0-301F-11D3-BF4B-00C04F79EFBC}") = "SSPE03", "SSPE03.csproj", "{A755874A-617B-4A44-999D-26E49CB35E53}"
EndProject
Global
	GlobalSection(SolutionConfigurationPlatforms) = preSolution
		Debug|Any CPU = Debug|Any CPU
		Release|Any CPU = Release|Any CPU
	EndGlobalSection
	GlobalSection(ProjectConfigurationPlatforms) = postSolution
		{A755874A-617B-4A44-999D-26E49CB35E53}.Debug|Any CPU.ActiveCfg = Debug|Any CPU
		{A755874A-617B-4A44-999D-26E49CB35E53}.Debug|Any CPU.Build.0 = Debug|Any CPU
		{A755874A-617B-4A44-999D-26E49CB35E53}.Release|Any CPU.ActiveCfg = Release|Any CPU
		{A755874A-617B-4A44-999D-26E49CB35E53}.Release|Any CPU.Build.0 = Release|Any CPU
	EndGlobalSection
	GlobalSection(SolutionProperties) = preSolution
		HideSolutionNode = FALSE
	EndGlobalSection
	GlobalSection(ExtensibilityGlobals) = postSolution
		SolutionGuid = {B0E3F410-907E-40FC-A452-131CBAE05CA2}
	EndGlobalSection
EndGlobal
