
Microsoft Visual Studio Solution File, Format Version 12.00
# Visual Studio Version 16
VisualStudioVersion = 16.0.29209.62
MinimumVisualStudioVersion = 10.0.40219.1
Project("{9A19103F-16F7-4668-BE54-9A1E7A4F7556}") = "DecisionStructureExercise01", "DecisionStructureExercise01\DecisionStructureExercise01.csproj", "{3F9D0799-13C4-4238-91A1-12B5AB7D5B93}"
EndProject
Project("{9A19103F-16F7-4668-BE54-9A1E7A4F7556}") = "DecisionStructureExercise02", "DecisionStructureExercise02\DecisionStructureExercise02.csproj", "{2A03637D-7323-43D2-9AE4-7EF2EB606129}"
EndProject
Project("{9A19103F-16F7-4668-BE54-9A1E7A4F7556}") = "DecisionStructureExercise03", "DecisionStructureExercise03\DecisionStructureExercise03.csproj", "{546EB7E4-146E-4A7C-A4C7-81FA8A7FD18E}"
EndProject
Project("{2150E333-8FDC-42A3-9474-1A3956D46DE8}") = "Loops", "Loops", "{6987E365-2B5A-43B1-AAD1-C49A644751EA}"
EndProject
Project("{FAE04EC0-301F-11D3-BF4B-00C04F79EFBC}") = "MathQuiz", "MathQuiz\MathQuiz.csproj", "{F24FE7EA-F5B3-46A8-9B27-62D4F09A086F}"
EndProject
Global
	GlobalSection(SolutionConfigurationPlatforms) = preSolution
		Debug|Any CPU = Debug|Any CPU
		Release|Any CPU = Release|Any CPU
	EndGlobalSection
	GlobalSection(ProjectConfigurationPlatforms) = postSolution
		{3F9D0799-13C4-4238-91A1-12B5AB7D5B93}.Debug|Any CPU.ActiveCfg = Debug|Any CPU
		{3F9D0799-13C4-4238-91A1-12B5AB7D5B93}.Debug|Any CPU.Build.0 = Debug|Any CPU
		{3F9D0799-13C4-4238-91A1-12B5AB7D5B93}.Release|Any CPU.ActiveCfg = Release|Any CPU
		{3F9D0799-13C4-4238-91A1-12B5AB7D5B93}.Release|Any CPU.Build.0 = Release|Any CPU
		{2A03637D-7323-43D2-9AE4-7EF2EB606129}.Debug|Any CPU.ActiveCfg = Debug|Any CPU
		{2A03637D-7323-43D2-9AE4-7EF2EB606129}.Debug|Any CPU.Build.0 = Debug|Any CPU
		{2A03637D-7323-43D2-9AE4-7EF2EB606129}.Release|Any CPU.ActiveCfg = Release|Any CPU
		{2A03637D-7323-43D2-9AE4-7EF2EB606129}.Release|Any CPU.Build.0 = Release|Any CPU
		{546EB7E4-146E-4A7C-A4C7-81FA8A7FD18E}.Debug|Any CPU.ActiveCfg = Debug|Any CPU
		{546EB7E4-146E-4A7C-A4C7-81FA8A7FD18E}.Debug|Any CPU.Build.0 = Debug|Any CPU
		{546EB7E4-146E-4A7C-A4C7-81FA8A7FD18E}.Release|Any CPU.ActiveCfg = Release|Any CPU
		{546EB7E4-146E-4A7C-A4C7-81FA8A7FD18E}.Release|Any CPU.Build.0 = Release|Any CPU
		{F24FE7EA-F5B3-46A8-9B27-62D4F09A086F}.Debug|Any CPU.ActiveCfg = Debug|Any CPU
		{F24FE7EA-F5B3-46A8-9B27-62D4F09A086F}.Debug|Any CPU.Build.0 = Debug|Any CPU
		{F24FE7EA-F5B3-46A8-9B27-62D4F09A086F}.Release|Any CPU.ActiveCfg = Release|Any CPU
		{F24FE7EA-F5B3-46A8-9B27-62D4F09A086F}.Release|Any CPU.Build.0 = Release|Any CPU
	EndGlobalSection
	GlobalSection(SolutionProperties) = preSolution
		HideSolutionNode = FALSE
	EndGlobalSection
	GlobalSection(NestedProjects) = preSolution
		{F24FE7EA-F5B3-46A8-9B27-62D4F09A086F} = {6987E365-2B5A-43B1-AAD1-C49A644751EA}
	EndGlobalSection
	GlobalSection(ExtensibilityGlobals) = postSolution
		SolutionGuid = {32679A33-3359-4497-AC5A-1C3A6CC40AF9}
	EndGlobalSection
EndGlobal
