
Microsoft Visual Studio Solution File, Format Version 12.00
# Visual Studio Version 16
VisualStudioVersion = 16.0.29209.62
MinimumVisualStudioVersion = 10.0.40219.1
Project("{FAE04EC0-301F-11D3-BF4B-00C04F79EFBC}") = "LoopCall", "LoopCall\LoopCall.csproj", "{BE52EDC1-E404-483C-B686-0D747E8F9122}"
EndProject
Global
	GlobalSection(SolutionConfigurationPlatforms) = preSolution
		Debug|Any CPU = Debug|Any CPU
		Release|Any CPU = Release|Any CPU
	EndGlobalSection
	GlobalSection(ProjectConfigurationPlatforms) = postSolution
		{BE52EDC1-E404-483C-B686-0D747E8F9122}.Debug|Any CPU.ActiveCfg = Debug|Any CPU
		{BE52EDC1-E404-483C-B686-0D747E8F9122}.Debug|Any CPU.Build.0 = Debug|Any CPU
		{BE52EDC1-E404-483C-B686-0D747E8F9122}.Release|Any CPU.ActiveCfg = Release|Any CPU
		{BE52EDC1-E404-483C-B686-0D747E8F9122}.Release|Any CPU.Build.0 = Release|Any CPU
	EndGlobalSection
	GlobalSection(SolutionProperties) = preSolution
		HideSolutionNode = FALSE
	EndGlobalSection
	GlobalSection(ExtensibilityGlobals) = postSolution
		SolutionGuid = {22CFB26E-9861-4368-B3EA-2EF0149AC83C}
	EndGlobalSection
EndGlobal
