
Microsoft Visual Studio Solution File, Format Version 12.00
# Visual Studio Version 16
VisualStudioVersion = 16.0.29209.62
MinimumVisualStudioVersion = 10.0.40219.1
Project("{FAE04EC0-301F-11D3-BF4B-00C04F79EFBC}") = "ValueReturn", "ValueReturn.csproj", "{274009E2-8141-49FA-8BD2-4621E80260DE}"
EndProject
Global
	GlobalSection(SolutionConfigurationPlatforms) = preSolution
		Debug|Any CPU = Debug|Any CPU
		Release|Any CPU = Release|Any CPU
	EndGlobalSection
	GlobalSection(ProjectConfigurationPlatforms) = postSolution
		{274009E2-8141-49FA-8BD2-4621E80260DE}.Debug|Any CPU.ActiveCfg = Debug|Any CPU
		{274009E2-8141-49FA-8BD2-4621E80260DE}.Debug|Any CPU.Build.0 = Debug|Any CPU
		{274009E2-8141-49FA-8BD2-4621E80260DE}.Release|Any CPU.ActiveCfg = Release|Any CPU
		{274009E2-8141-49FA-8BD2-4621E80260DE}.Release|Any CPU.Build.0 = Release|Any CPU
	EndGlobalSection
	GlobalSection(SolutionProperties) = preSolution
		HideSolutionNode = FALSE
	EndGlobalSection
	GlobalSection(ExtensibilityGlobals) = postSolution
		SolutionGuid = {7782A27D-E0D0-4D1E-A4C2-7888E8AB255B}
	EndGlobalSection
EndGlobal
