
Microsoft Visual Studio Solution File, Format Version 12.00
# Visual Studio Version 16
VisualStudioVersion = 16.0.29209.62
MinimumVisualStudioVersion = 10.0.40219.1
Project("{FAE04EC0-301F-11D3-BF4B-00C04F79EFBC}") = "BasicProgrammingProblem01", "BasicProgrammingProblem01.csproj", "{0DE0CB6B-7F33-4B96-B820-E94728A47929}"
EndProject
Global
	GlobalSection(SolutionConfigurationPlatforms) = preSolution
		Debug|Any CPU = Debug|Any CPU
		Release|Any CPU = Release|Any CPU
	EndGlobalSection
	GlobalSection(ProjectConfigurationPlatforms) = postSolution
		{0DE0CB6B-7F33-4B96-B820-E94728A47929}.Debug|Any CPU.ActiveCfg = Debug|Any CPU
		{0DE0CB6B-7F33-4B96-B820-E94728A47929}.Debug|Any CPU.Build.0 = Debug|Any CPU
		{0DE0CB6B-7F33-4B96-B820-E94728A47929}.Release|Any CPU.ActiveCfg = Release|Any CPU
		{0DE0CB6B-7F33-4B96-B820-E94728A47929}.Release|Any CPU.Build.0 = Release|Any CPU
	EndGlobalSection
	GlobalSection(SolutionProperties) = preSolution
		HideSolutionNode = FALSE
	EndGlobalSection
	GlobalSection(ExtensibilityGlobals) = postSolution
		SolutionGuid = {14D0B912-E77B-424F-842E-4E2546E09729}
	EndGlobalSection
EndGlobal
